
Microsoft Visual Studio Solution File, Format Version 12.00
# Visual Studio Version 17
VisualStudioVersion = 17.9.34723.18
MinimumVisualStudioVersion = 10.0.40219.1
Project("{888888A0-9F3D-457C-B088-3A5042F75D52}") = "Тема 5 Phyton 1", "Тема 5 Phyton 1\Тема 5 Phyton 1.pyproj", "{5542B86C-7236-47BF-9193-4EEAF1D5C557}"
EndProject
Global
	GlobalSection(SolutionConfigurationPlatforms) = preSolution
		Debug|Any CPU = Debug|Any CPU
		Release|Any CPU = Release|Any CPU
	EndGlobalSection
	GlobalSection(ProjectConfigurationPlatforms) = postSolution
		{5542B86C-7236-47BF-9193-4EEAF1D5C557}.Debug|Any CPU.ActiveCfg = Debug|Any CPU
		{5542B86C-7236-47BF-9193-4EEAF1D5C557}.Release|Any CPU.ActiveCfg = Release|Any CPU
	EndGlobalSection
	GlobalSection(SolutionProperties) = preSolution
		HideSolutionNode = FALSE
	EndGlobalSection
	GlobalSection(ExtensibilityGlobals) = postSolution
		SolutionGuid = {94062863-D8BD-4D5F-8B3C-D129F22E15D2}
	EndGlobalSection
EndGlobal
